{
  "name": "markov-chainer",
  "version": "1.0.0",
  "lockfileVersion": 1,
  "requires": true,
  "dependencies": {
    "immutable-tuple": {
      "version": "0.4.9",
      "resolved": "https://registry.npmjs.org/immutable-tuple/-/immutable-tuple-0.4.9.tgz",
      "integrity": "sha512-LWbJPZnidF8eczu7XmcnLBsumuyRBkpwIRPCZxlojouhBo5jEBO4toj6n7hMy6IxHU/c+MqDSWkvaTpPlMQcyA=="
    }
  }
}
